
Microsoft Visual Studio Solution File, Format Version 12.00
# Visual Studio Version 17
VisualStudioVersion = 17.5.002.0
MinimumVisualStudioVersion = 10.0.40219.1
Project("{9A19103F-16F7-4668-BE54-9A1E7A4F7556}") = "ProductsApi", "ProductsApi.csproj", "{4DE0D9A9-410B-4032-BD54-AD535B413B81}"
EndProject
Global
	GlobalSection(SolutionConfigurationPlatforms) = preSolution
		Debug|Any CPU = Debug|Any CPU
		Release|Any CPU = Release|Any CPU
	EndGlobalSection
	GlobalSection(ProjectConfigurationPlatforms) = postSolution
		{4DE0D9A9-410B-4032-BD54-AD535B413B81}.Debug|Any CPU.ActiveCfg = Debug|Any CPU
		{4DE0D9A9-410B-4032-BD54-AD535B413B81}.Debug|Any CPU.Build.0 = Debug|Any CPU
		{4DE0D9A9-410B-4032-BD54-AD535B413B81}.Release|Any CPU.ActiveCfg = Release|Any CPU
		{4DE0D9A9-410B-4032-BD54-AD535B413B81}.Release|Any CPU.Build.0 = Release|Any CPU
	EndGlobalSection
	GlobalSection(SolutionProperties) = preSolution
		HideSolutionNode = FALSE
	EndGlobalSection
	GlobalSection(ExtensibilityGlobals) = postSolution
		SolutionGuid = {68CCB912-BAB7-4D58-8F95-498A63BB9C7A}
	EndGlobalSection
EndGlobal
